// !$*UTF8*$!
{
	archiveVersion = 1;
	classes = {
	};
	objectVersion = 46;
	objects = {

/* Begin PBXBuildFile section */
		474EF38D1D23994D001DC443 /* AppDelegate.swift in Sources */ = {isa = PBXBuildFile; fileRef = 474EF38C1D23994D001DC443 /* AppDelegate.swift */; };
		474EF38F1D23994D001DC443 /* ViewController.swift in Sources */ = {isa = PBXBuildFile; fileRef = 474EF38E1D23994D001DC443 /* ViewController.swift */; };
		474EF3921D23994E001DC443 /* Main.storyboard in Resources */ = {isa = PBXBuildFile; fileRef = 474EF3901D23994E001DC443 /* Main.storyboard */; };
		474EF3941D23994E001DC443 /* Assets.xcassets in Resources */ = {isa = PBXBuildFile; fileRef = 474EF3931D23994E001DC443 /* Assets.xcassets */; };
		474EF3971D23994E001DC443 /* LaunchScreen.storyboard in Resources */ = {isa = PBXBuildFile; fileRef = 474EF3951D23994E001DC443 /* LaunchScreen.storyboard */; };
		474EF39F1D239CF5001DC443 /* DetailViewController.swift in Sources */ = {isa = PBXBuildFile; fileRef = 474EF39E1D239CF5001DC443 /* DetailViewController.swift */; };
		474EF3A21D23B0B9001DC443 /* SectorAnimationView.swift in Sources */ = {isa = PBXBuildFile; fileRef = 474EF3A11D23B0B9001DC443 /* SectorAnimationView.swift */; };
/* End PBXBuildFile section */

/* Begin PBXFileReference section */
		474EF3891D23994D001DC443 /* AnimationSample.app */ = {isa = PBXFileReference; explicitFileType = wrapper.application; includeInIndex = 0; path = AnimationSample.app; sourceTree = BUILT_PRODUCTS_DIR; };
		474EF38C1D23994D001DC443 /* AppDelegate.swift */ = {isa = PBXFileReference; lastKnownFileType = sourcecode.swift; path = AppDelegate.swift; sourceTree = "<group>"; };
		474EF38E1D23994D001DC443 /* ViewController.swift */ = {isa = PBXFileReference; lastKnownFileType = sourcecode.swift; path = ViewController.swift; sourceTree = "<group>"; };
		474EF3911D23994E001DC443 /* Base */ = {isa = PBXFileReference; lastKnownFileType = file.storyboard; name = Base; path = Base.lproj/Main.storyboard; sourceTree = "<group>"; };
		474EF3931D23994E001DC443 /* Assets.xcassets */ = {isa = PBXFileReference; lastKnownFileType = folder.assetcatalog; path = Assets.xcassets; sourceTree = "<group>"; };
		474EF3961D23994E001DC443 /* Base */ = {isa = PBXFileReference; lastKnownFileType = file.storyboard; name = Base; path = Base.lproj/LaunchScreen.storyboard; sourceTree = "<group>"; };
		474EF3981D23994E001DC443 /* Info.plist */ = {isa = PBXFileReference; lastKnownFileType = text.plist.xml; path = Info.plist; sourceTree = "<group>"; };
		474EF39E1D239CF5001DC443 /* DetailViewController.swift */ = {isa = PBXFileReference; fileEncoding = 4; lastKnownFileType = sourcecode.swift; path = DetailViewController.swift; sourceTree = "<group>"; };
		474EF3A11D23B0B9001DC443 /* SectorAnimationView.swift */ = {isa = PBXFileReference; fileEncoding = 4; lastKnownFileType = sourcecode.swift; path = SectorAnimationView.swift; sourceTree = "<group>"; };
/* End PBXFileReference section */

/* Begin PBXFrameworksBuildPhase section */
		474EF3861D23994D001DC443 /* Frameworks */ = {
			isa = PBXFrameworksBuildPhase;
			buildActionMask = 2147483647;
			files = (
			);
			runOnlyForDeploymentPostprocessing = 0;
		};
/* End PBXFrameworksBuildPhase section */

/* Begin PBXGroup section */
		474EF3801D23994D001DC443 = {
			isa = PBXGroup;
			children = (
				474EF38B1D23994D001DC443 /* AnimationSample */,
				474EF38A1D23994D001DC443 /* Products */,
			);
			sourceTree = "<group>";
		};
		474EF38A1D23994D001DC443 /* Products */ = {
			isa = PBXGroup;
			children = (
				474EF3891D23994D001DC443 /* AnimationSample.app */,
			);
			name = Products;
			sourceTree = "<group>";
		};
		474EF38B1D23994D001DC443 /* AnimationSample */ = {
			isa = PBXGroup;
			children = (
				474EF3A01D23B0A6001DC443 /* Views */,
				474EF38C1D23994D001DC443 /* AppDelegate.swift */,
				474EF38E1D23994D001DC443 /* ViewController.swift */,
				474EF39E1D239CF5001DC443 /* DetailViewController.swift */,
				474EF3901D23994E001DC443 /* Main.storyboard */,
				474EF3931D23994E001DC443 /* Assets.xcassets */,
				474EF3951D23994E001DC443 /* LaunchScreen.storyboard */,
				474EF3981D23994E001DC443 /* Info.plist */,
			);
			path = AnimationSample;
			sourceTree = "<group>";
		};
		474EF3A01D23B0A6001DC443 /* Views */ = {
			isa = PBXGroup;
			children = (
				474EF3A11D23B0B9001DC443 /* SectorAnimationView.swift */,
			);
			path = Views;
			sourceTree = "<group>";
		};
/* End PBXGroup section */

/* Begin PBXNativeTarget section */
		474EF3881D23994D001DC443 /* AnimationSample */ = {
			isa = PBXNativeTarget;
			buildConfigurationList = 474EF39B1D23994E001DC443 /* Build configuration list for PBXNativeTarget "AnimationSample" */;
			buildPhases = (
				474EF3851D23994D001DC443 /* Sources */,
				474EF3861D23994D001DC443 /* Frameworks */,
				474EF3871D23994D001DC443 /* Resources */,
			);
			buildRules = (
			);
			dependencies = (
			);
			name = AnimationSample;
			productName = AnimationSample;
			productReference = 474EF3891D23994D001DC443 /* AnimationSample.app */;
			productType = "com.apple.product-type.application";
		};
/* End PBXNativeTarget section */

/* Begin PBXProject section */
		474EF3811D23994D001DC443 /* Project object */ = {
			isa = PBXProject;
			attributes = {
				LastSwiftUpdateCheck = 0800;
				LastUpgradeCheck = 0800;
				ORGANIZATIONNAME = zerdzhong;
				TargetAttributes = {
					474EF3881D23994D001DC443 = {
						CreatedOnToolsVersion = 8.0;
						DevelopmentTeam = WY2GX9YNYL;
						DevelopmentTeamName = "zhendong zhong (Personal Team)";
						ProvisioningStyle = Automatic;
					};
				};
			};
			buildConfigurationList = 474EF3841D23994D001DC443 /* Build configuration list for PBXProject "AnimationSample" */;
			compatibilityVersion = "Xcode 3.2";
			developmentRegion = English;
			hasScannedForEncodings = 0;
			knownRegions = (
				en,
				Base,
			);
			mainGroup = 474EF3801D23994D001DC443;
			productRefGroup = 474EF38A1D23994D001DC443 /* Products */;
			projectDirPath = "";
			projectRoot = "";
			targets = (
				474EF3881D23994D001DC443 /* AnimationSample */,
			);
		};
/* End PBXProject section */

/* Begin PBXResourcesBuildPhase section */
		474EF3871D23994D001DC443 /* Resources */ = {
			isa = PBXResourcesBuildPhase;
			buildActionMask = 2147483647;
			files = (
				474EF3971D23994E001DC443 /* LaunchScreen.storyboard in Resources */,
				474EF3941D23994E001DC443 /* Assets.xcassets in Resources */,
				474EF3921D23994E001DC443 /* Main.storyboard in Resources */,
			);
			runOnlyForDeploymentPostprocessing = 0;
		};
/* End PBXResourcesBuildPhase section */

/* Begin PBXSourcesBuildPhase section */
		474EF3851D23994D001DC443 /* Sources */ = {
			isa = PBXSourcesBuildPhase;
			buildActionMask = 2147483647;
			files = (
				474EF39F1D239CF5001DC443 /* DetailViewController.swift in Sources */,
				474EF38F1D23994D001DC443 /* ViewController.swift in Sources */,
				474EF38D1D23994D001DC443 /* AppDelegate.swift in Sources */,
				474EF3A21D23B0B9001DC443 /* SectorAnimationView.swift in Sources */,
			);
			runOnlyForDeploymentPostprocessing = 0;
		};
/* End PBXSourcesBuildPhase section */

/* Begin PBXVariantGroup section */
		474EF3901D23994E001DC443 /* Main.storyboard */ = {
			isa = PBXVariantGroup;
			children = (
				474EF3911D23994E001DC443 /* Base */,
			);
			name = Main.storyboard;
			sourceTree = "<group>";
		};
		474EF3951D23994E001DC443 /* LaunchScreen.storyboard */ = {
			isa = PBXVariantGroup;
			children = (
				474EF3961D23994E001DC443 /* Base */,
			);
			name = LaunchScreen.storyboard;
			sourceTree = "<group>";
		};
/* End PBXVariantGroup section */

/* Begin XCBuildConfiguration section */
		474EF3991D23994E001DC443 /* Debug */ = {
			isa = XCBuildConfiguration;
			buildSettings = {
				ALWAYS_SEARCH_USER_PATHS = NO;
				CLANG_ANALYZER_NONNULL = YES;
				CLANG_CXX_LANGUAGE_STANDARD = "gnu++0x";
				CLANG_CXX_LIBRARY = "libc++";
				CLANG_ENABLE_MODULES = YES;
				CLANG_ENABLE_OBJC_ARC = YES;
				CLANG_WARN_BOOL_CONVERSION = YES;
				CLANG_WARN_CONSTANT_CONVERSION = YES;
				CLANG_WARN_DIRECT_OBJC_ISA_USAGE = YES_ERROR;
				CLANG_WARN_DOCUMENTATION_COMMENTS = YES;
				CLANG_WARN_EMPTY_BODY = YES;
				CLANG_WARN_ENUM_CONVERSION = YES;
				CLANG_WARN_INT_CONVERSION = YES;
				CLANG_WARN_OBJC_ROOT_CLASS = YES_ERROR;
				CLANG_WARN_UNREACHABLE_CODE = YES;
				CLANG_WARN__DUPLICATE_METHOD_MATCH = YES;
				"CODE_SIGN_IDENTITY[sdk=iphoneos*]" = "iPhone Developer";
				COPY_PHASE_STRIP = NO;
				DEBUG_INFORMATION_FORMAT = dwarf;
				ENABLE_STRICT_OBJC_MSGSEND = YES;
				ENABLE_TESTABILITY = YES;
				GCC_C_LANGUAGE_STANDARD = gnu99;
				GCC_DYNAMIC_NO_PIC = NO;
				GCC_NO_COMMON_BLOCKS = YES;
				GCC_OPTIMIZATION_LEVEL = 0;
				GCC_PREPROCESSOR_DEFINITIONS = (
					"DEBUG=1",
					"$(inherited)",
				);
				GCC_WARN_64_TO_32_BIT_CONVERSION = YES;
				GCC_WARN_ABOUT_RETURN_TYPE = YES_ERROR;
				GCC_WARN_UNDECLARED_SELECTOR = YES;
				GCC_WARN_UNINITIALIZED_AUTOS = YES_AGGRESSIVE;
				GCC_WARN_UNUSED_FUNCTION = YES;
				GCC_WARN_UNUSED_VARIABLE = YES;
				IPHONEOS_DEPLOYMENT_TARGET = 10.0;
				MTL_ENABLE_DEBUG_INFO = YES;
				ONLY_ACTIVE_ARCH = YES;
				SDKROOT = iphoneos;
				SWIFT_ACTIVE_COMPILATION_CONDITIONS = DEBUG;
				SWIFT_OPTIMIZATION_LEVEL = "-Onone";
				TARGETED_DEVICE_FAMILY = 2;
			};
			name = Debug;
		};
		474EF39A1D23994E001DC443 /* Release */ = {
			isa = XCBuildConfiguration;
			buildSettings = {
				ALWAYS_SEARCH_USER_PATHS = NO;
				CLANG_ANALYZER_NONNULL = YES;
				CLANG_CXX_LANGUAGE_STANDARD = "gnu++0x";
				CLANG_CXX_LIBRARY = "libc++";
				CLANG_ENABLE_MODULES = YES;
				CLANG_ENABLE_OBJC_ARC = YES;
				CLANG_WARN_BOOL_CONVERSION = YES;
				CLANG_WARN_CONSTANT_CONVERSION = YES;
				CLANG_WARN_DIRECT_OBJC_ISA_USAGE = YES_ERROR;
				CLANG_WARN_DOCUMENTATION_COMMENTS = YES;
				CLANG_WARN_EMPTY_BODY = YES;
				CLANG_WARN_ENUM_CONVERSION = YES;
				CLANG_WARN_INT_CONVERSION = YES;
				CLANG_WARN_OBJC_ROOT_CLASS = YES_ERROR;
				CLANG_WARN_UNREACHABLE_CODE = YES;
				CLANG_WARN__DUPLICATE_METHOD_MATCH = YES;
				"CODE_SIGN_IDENTITY[sdk=iphoneos*]" = "iPhone Developer";
				COPY_PHASE_STRIP = NO;
				DEBUG_INFORMATION_FORMAT = "dwarf-with-dsym";
				ENABLE_NS_ASSERTIONS = NO;
				ENABLE_STRICT_OBJC_MSGSEND = YES;
				GCC_C_LANGUAGE_STANDARD = gnu99;
				GCC_NO_COMMON_BLOCKS = YES;
				GCC_WARN_64_TO_32_BIT_CONVERSION = YES;
				GCC_WARN_ABOUT_RETURN_TYPE = YES_ERROR;
				GCC_WARN_UNDECLARED_SELECTOR = YES;
				GCC_WARN_UNINITIALIZED_AUTOS = YES_AGGRESSIVE;
				GCC_WARN_UNUSED_FUNCTION = YES;
				GCC_WARN_UNUSED_VARIABLE = YES;
				IPHONEOS_DEPLOYMENT_TARGET = 10.0;
				MTL_ENABLE_DEBUG_INFO = NO;
				SDKROOT = iphoneos;
				SWIFT_OPTIMIZATION_LEVEL = "-Owholemodule";
				TARGETED_DEVICE_FAMILY = 2;
				VALIDATE_PRODUCT = YES;
			};
			name = Release;
		};
		474EF39C1D23994E001DC443 /* Debug */ = {
			isa = XCBuildConfiguration;
			buildSettings = {
				ASSETCATALOG_COMPILER_APPICON_NAME = AppIcon;
				INFOPLIST_FILE = AnimationSample/Info.plist;
				LD_RUNPATH_SEARCH_PATHS = "$(inherited) @executable_path/Frameworks";
				PRODUCT_BUNDLE_IDENTIFIER = com.zerdzhong.AnimationSample;
				PRODUCT_NAME = "$(TARGET_NAME)";
				SWIFT_VERSION = 3.0;
				TARGETED_DEVICE_FAMILY = "1,2";
			};
			name = Debug;
		};
		474EF39D1D23994E001DC443 /* Release */ = {
			isa = XCBuildConfiguration;
			buildSettings = {
				ASSETCATALOG_COMPILER_APPICON_NAME = AppIcon;
				INFOPLIST_FILE = AnimationSample/Info.plist;
				LD_RUNPATH_SEARCH_PATHS = "$(inherited) @executable_path/Frameworks";
				PRODUCT_BUNDLE_IDENTIFIER = com.zerdzhong.AnimationSample;
				PRODUCT_NAME = "$(TARGET_NAME)";
				SWIFT_VERSION = 3.0;
				TARGETED_DEVICE_FAMILY = "1,2";
			};
			name = Release;
		};
/* End XCBuildConfiguration section */

/* Begin XCConfigurationList section */
		474EF3841D23994D001DC443 /* Build configuration list for PBXProject "AnimationSample" */ = {
			isa = XCConfigurationList;
			buildConfigurations = (
				474EF3991D23994E001DC443 /* Debug */,
				474EF39A1D23994E001DC443 /* Release */,
			);
			defaultConfigurationIsVisible = 0;
			defaultConfigurationName = Release;
		};
		474EF39B1D23994E001DC443 /* Build configuration list for PBXNativeTarget "AnimationSample" */ = {
			isa = XCConfigurationList;
			buildConfigurations = (
				474EF39C1D23994E001DC443 /* Debug */,
				474EF39D1D23994E001DC443 /* Release */,
			);
			defaultConfigurationIsVisible = 0;
		};
/* End XCConfigurationList section */
	};
	rootObject = 474EF3811D23994D001DC443 /* Project object */;
}
